
Microsoft Visual Studio Solution File, Format Version 12.00
# Visual Studio Version 16
VisualStudioVersion = 16.0.30413.136
MinimumVisualStudioVersion = 10.0.40219.1
Project("{FAE04EC0-301F-11D3-BF4B-00C04F79EFBC}") = "Pr01", "Pr01\Pr01.csproj", "{6BCB58F2-B70D-4921-91D4-E72D9B261496}"
EndProject
Project("{FAE04EC0-301F-11D3-BF4B-00C04F79EFBC}") = "Pr02", "Pr02\Pr02.csproj", "{9E279D84-DC59-4E15-BF8F-EAFC65940581}"
EndProject
Global
	GlobalSection(SolutionConfigurationPlatforms) = preSolution
		Debug|Any CPU = Debug|Any CPU
		Release|Any CPU = Release|Any CPU
	EndGlobalSection
	GlobalSection(ProjectConfigurationPlatforms) = postSolution
		{6BCB58F2-B70D-4921-91D4-E72D9B261496}.Debug|Any CPU.ActiveCfg = Debug|Any CPU
		{6BCB58F2-B70D-4921-91D4-E72D9B261496}.Debug|Any CPU.Build.0 = Debug|Any CPU
		{6BCB58F2-B70D-4921-91D4-E72D9B261496}.Release|Any CPU.ActiveCfg = Release|Any CPU
		{6BCB58F2-B70D-4921-91D4-E72D9B261496}.Release|Any CPU.Build.0 = Release|Any CPU
		{9E279D84-DC59-4E15-BF8F-EAFC65940581}.Debug|Any CPU.ActiveCfg = Debug|Any CPU
		{9E279D84-DC59-4E15-BF8F-EAFC65940581}.Debug|Any CPU.Build.0 = Debug|Any CPU
		{9E279D84-DC59-4E15-BF8F-EAFC65940581}.Release|Any CPU.ActiveCfg = Release|Any CPU
		{9E279D84-DC59-4E15-BF8F-EAFC65940581}.Release|Any CPU.Build.0 = Release|Any CPU
	EndGlobalSection
	GlobalSection(SolutionProperties) = preSolution
		HideSolutionNode = FALSE
	EndGlobalSection
	GlobalSection(ExtensibilityGlobals) = postSolution
		SolutionGuid = {212C4520-C03B-4675-A193-7DCDA533B251}
	EndGlobalSection
EndGlobal
